annotated-doc==0.0.5 --hash=sha256:117bac03a25ede5df5440e855b32d556049ca169ead221505badf432fed4b101
annotated-types==0.8.0 --hash=sha256:f072f4d804ea359e4eaf198b1af7a8b0943881a87f31bb764f8bf219bb9419e0
blis==1.3.3 --hash=sha256:3f6c595185176ce021316263e1a1d636a3425b6c48366c1fd712d08d0b71849a
catalogue==2.0.10 --hash=sha256:58c2de0020aa90f4a2da7dfad161bf7b3b054c86a5f09fcedc0b2b740c109a9f
certifi==2026.7.22 --hash=sha256:62f22742b58a1a33014a2b6b706588a8d7e2a88ae7bd1a6ebe8c992928483775
charset-normalizer==3.5.1 --hash=sha256:5b6d1386bf0096d26d3a863dc0a487a5b4eb9aa93cf5ba69683d29dde6b9d60f
click==8.1.8 --hash=sha256:63c132bbbed01578a06712a2d1f497bb62d9c1c0d329b7903a866228027263b2
cloudpathlib==0.25.0 --hash=sha256:8faef3ed3a0dd71d134e8617b4fdc5ce56a12a6b485c080cfe80106e5f1d1f5d
confection==0.1.5 --hash=sha256:e29d3c3f8eac06b3f77eb9dfb4bf2fc6bcc9622a98ca00a698e3d019c6430b14
cymem==2.0.13 --hash=sha256:c9251d889348fe79a75e9b3e4d1b5fa651fca8a64500820685d73a3acc21b6a8
filelock==3.32.6 --hash=sha256:3f16ecd0117feae0dfc147e8c62eb5daeccd8bd800378c3ddf416de9b4feb6b1
fsspec==2026.7.0 --hash=sha256:b57ddbafedfaef7018c1ecab32aa200a9d7ca26b77965f64e48b70061249d279
hf-xet==1.6.0 --hash=sha256:f0906082d9932ae0c0057fa194041c22b4e2cdb46b2592ef3b91f020d62a081a
huggingface-hub==0.33.5 --hash=sha256:29b4e64982c2064006021af297e1b17d44c85a8aaf90a0d7efeff7e7d2426296
idna==3.19 --hash=sha256:815e7be7a7806d54abb586dc943addc79e8b2ee16915059658cbeff4b1b43bf4
Jinja2==3.1.6 --hash=sha256:85ece4451f492d0c13c5dd7c13a64681a86afae63a5f347908daf103ce6d2f67
langcodes==3.5.1 --hash=sha256:b6a9c25c603804e2d169165091d0cdb23934610524a21d226e4f463e8e958a72
markdown-it-py==4.2.0 --hash=sha256:9f7ebbcd14fe59494226453aed97c1070d83f8d24b6fc3a3bcf9a38092641c4a
MarkupSafe==3.0.3 --hash=sha256:1872df69a4de6aead3491198eaf13810b565bdbeec3ae2dc8780f14458ec73ce
mdurl==0.1.2 --hash=sha256:84008a41e51615a49fc9966191ff91509e3c40b939176e643fd50a5c2196b8f8
mpmath==1.3.0 --hash=sha256:a0b2b9fe80bbcd81a6647ff13108738cfb482d481d826cc0e02f5b35e5c88d2c
murmurhash==1.0.15 --hash=sha256:0861cb11039409eaf46878456b7d985ef17b6b484103a6fc367b2ecec846891d
networkx==3.6.1 --hash=sha256:d47fbf302e7d9cbbb9e2555a0d267983d2aa476bac30e90dfbe5669bd57f3762
numpy==2.2.6 --hash=sha256:894b3a42502226a1cac872f840030665f33326fc3dac8e57c607905773cdcde3
packaging==25.0 --hash=sha256:29572ef2b1f17581046b3a2227d5c611fb25ec70ca1ba8554b24b0e69331a484
phonenumbers==9.0.39 --hash=sha256:d83b878d0188c81a5f5e8572cedcc7262bd0ea3806eb7c8e35d8666d262a8af0
preshed==3.0.13 --hash=sha256:f05b08ce92399c0655b5e0eb5a1cc1f9e295703ed3aabdfaf6538dfa8ae23d57
presidio_analyzer==2.2.359 --hash=sha256:5f9a71ce5e484b1d9fd10a3f40ba37cb311deeb7cc25c3a87c0ba36b468ee26d
pydantic==2.13.5 --hash=sha256:346a034f080da3755d8e9cb5e00e8b07de1d39e4f6e2c87d8ab7cafa0b269a73
pydantic_core==2.46.5 --hash=sha256:a39ac25a9a2fa4072efdb429833c4a4c8009a51ff9eea3eeae131713cd27991e
Pygments==2.21.0 --hash=sha256:2363c69b61c4a97c838da3b130dcd6468f4848992b21a82f2a63ec34377137d9
PyYAML==6.0.3 --hash=sha256:fc09d0aa354569bc501d4e787133afc08552722d3ab34836a80547331bb5d4a0
regex==2026.9.10 --hash=sha256:866de9f98df0611d7b62b3a8729d3284a64c0cc6edd90bb95a533e443a4939cb
requests==2.34.2 --hash=sha256:2a0d60c172f83ac6ab31e4554906c0f3b3588d37b5cb939b1c061f4907e278e0
requests-file==3.0.1 --hash=sha256:d0f5eb94353986d998f80ac63c7f146a307728be051d4d1cd390dbdb59c10fa2
rich==15.0.0 --hash=sha256:33bd4ef74232fb73fe9279a257718407f169c09b78a87ad3d296f548e27de0bb
safetensors==0.5.3 --hash=sha256:21d01c14ff6c415c485616b8b0bf961c46b3b343ca59110d38d744e577f9cce7
setuptools==84.0.0 --hash=sha256:51a52592b3b99e102b609654876bd65f19f999935166d1352678931132b0c670
shellingham==1.5.4 --hash=sha256:7ecfff8f2fd72616f7481040475a65b2bf8af90a56c89140852d1120324e8686
smart_open==7.7.1 --hash=sha256:cb62dc45f519bf39b612564d326d2a17556f3a6056e3c3a86a07215d670d45bc
spacy==3.8.7 --hash=sha256:f70b676955fa6959347ca86ed6edd8ff0d6eb2ba20561fdfec76924bd3e540f9
spacy-legacy==3.0.12 --hash=sha256:476e3bd0d05f8c339ed60f40986c07387c0a71479245d6d0f4298dbd52cda55f
spacy-loggers==1.0.5 --hash=sha256:196284c9c446cc0cdb944005384270d775fdeaf4f494d8e269466cfa497ef645
srsly==2.5.3 --hash=sha256:2f73c0db911552e94fe2016e1759d261d2f47926f68826664cada3723c87006a
sympy==1.14.0 --hash=sha256:e091cc3e99d2141a0ba2847328f5479b05d94a6635cb96148ccb3f34671bd8f5
thinc==8.3.11 --hash=sha256:542ec7db49b24cd2c9ee79a1f99dd2d9cb31f62b0a3ea164da4ea7e6224bce9d
tiktoken==0.9.0 --hash=sha256:a6600660f2f72369acb13a57fb3e212434ed38b045fd8cc6cdd74947b4b5d210
tldextract==5.3.2 --hash=sha256:6c90d2a259f5c89f4fcf01f97af15708416a59ffedddff006d67222ab30d0fb0
torch==2.8.0 --hash=sha256:619c2869db3ada2c0105487ba21b5008defcc472d23f8b80ed91ac4a380283b0
tqdm==4.70.0 --hash=sha256:7f585706bfddbdebf89daac705b2dfcc16890130727d3197ca62c732b4310953
typer==0.15.4 --hash=sha256:eb0651654dcdea706780c466cf06d8f174405a659ffff8f163cfbfee98c0e173
typer-slim==0.15.4 --hash=sha256:6d134e1b048da37ceacc1ccc3ad28a6f966c8f0833cc1513cf12a21de0da8ed8
typing-inspection==0.4.4 --hash=sha256:65b8397ba37ccbce054456aaccddfc91e6e3083c92824df348d96ca832f3f147
typing_extensions==4.16.0 --hash=sha256:481caa481374e813c1b176ada14e97f1f67a4539ce9cfeb3f350d78d6370c2e8
urllib3==2.7.0 --hash=sha256:9fb4c81ebbb1ce9531cce37674bbc6f1360472bc18ca9a553ede278ef7276897
wasabi==1.1.3 --hash=sha256:f76e16e8f7e79f8c4c8be49b4024ac725713ab10cd7f19350ad18a8e3f71728c
weasel==0.4.3 --hash=sha256:08f65b5d0dbded4879e08a64882de9b9514753d9eaa4c4e2a576e33666ac12cf
wrapt==2.4.1 --hash=sha256:24389748f0b9d5b67e478fad4fc8b3f1108422ef80716e48eead6cebcebbff08
spacy-pkuseg==1.0.1 --hash=sha256:bacafcf24c6c1a93c6ca73e984f5febee2640b9e0fc7785b9a3316581afdcb50
